
Microsoft Visual Studio Solution File, Format Version 12.00
Project("{FAE04EC0-301F-11D3-BF4B-00C04F79EFBC}") = "EfCoreFluentDemo", "EfCoreFluentDemo\EfCoreFluentDemo.csproj", "{AC52E18D-5884-43CB-AFE5-70A5FC34FECF}"
EndProject
Global
	GlobalSection(SolutionConfigurationPlatforms) = preSolution
		Debug|Any CPU = Debug|Any CPU
		Release|Any CPU = Release|Any CPU
	EndGlobalSection
	GlobalSection(ProjectConfigurationPlatforms) = postSolution
		{AC52E18D-5884-43CB-AFE5-70A5FC34FECF}.Debug|Any CPU.ActiveCfg = Debug|Any CPU
		{AC52E18D-5884-43CB-AFE5-70A5FC34FECF}.Debug|Any CPU.Build.0 = Debug|Any CPU
		{AC52E18D-5884-43CB-AFE5-70A5FC34FECF}.Release|Any CPU.ActiveCfg = Release|Any CPU
		{AC52E18D-5884-43CB-AFE5-70A5FC34FECF}.Release|Any CPU.Build.0 = Release|Any CPU
	EndGlobalSection
EndGlobal
